{
  "name": "street-shop",
  "version": "0.1.0",
  "lockfileVersion": 3,
  "requires": true,
  "packages": {
    "": {
      "name": "street-shop",
      "version": "0.1.0",
      "dependencies": {
        "reflect-metadata": "^0.2.2",
        "streetjs": "^1.2.7",
        "ws": "^8.18.0"
      },
      "devDependencies": {
        "@streetjs/cli": "^1.2.7",
        "@types/node": "^20.14.0",
        "@types/ws": "^8.5.10",
        "typescript": "^5.4.5"
      }
    },
    "node_modules/@streetjs/cache": {
      "version": "1.0.0",
      "resolved": "https://registry.npmjs.org/@streetjs/cache/-/cache-1.0.0.tgz",
      "integrity": "sha512-MjR3f+mR7AS0vMI0EbgdBdciKDAmm85ALwRZDaJGpQL+OcEBQ1f4jgJFN1LS52Cupha/cqsgqevsWaitkzNDUw==",
      "license": "MIT",
      "engines": {
        "node": ">=22.0.0"
      },
      "peerDependencies": {
        "typescript": ">=5.0.0"
      }
    },
    "node_modules/@streetjs/cli": {
      "version": "1.2.10",
      "resolved": "https://registry.npmjs.org/@streetjs/cli/-/cli-1.2.10.tgz",
      "integrity": "sha512-oZTItoZcNbh3DpgO4aGKRUeG9CFNUtKRfgTNQPY23ZYmB2WlNVg1SbBN2vuUz2FQoiym/7y4OmPmb14sJQSjGw==",
      "dev": true,
      "license": "MIT",
      "dependencies": {
        "streetjs": "^1.2.7"
      },
      "bin": {
        "street": "bin/street.js"
      },
      "engines": {
        "node": ">=22.0.0"
      },
      "peerDependencies": {
        "typescript": ">=5.0.0"
      }
    },
    "node_modules/@streetjs/cluster": {
      "version": "1.0.0",
      "resolved": "https://registry.npmjs.org/@streetjs/cluster/-/cluster-1.0.0.tgz",
      "integrity": "sha512-Vp4OVc3ytzTOyDZvgfKN37n02yIfl0cgPNJOIiv9ZvgwbFnbx24fuigDvNSI8kEp7DKA3HkWSYgaumS3AWP0MA==",
      "license": "MIT",
      "engines": {
        "node": ">=22.0.0"
      },
      "peerDependencies": {
        "typescript": ">=5.0.0"
      }
    },
    "node_modules/@streetjs/container": {
      "version": "1.0.0",
      "resolved": "https://registry.npmjs.org/@streetjs/container/-/container-1.0.0.tgz",
      "integrity": "sha512-kKDJWScTv035sbm/pTpen7FrewnTkomfvuBzkNx7soMv/KJjavFJCQHRYX5DscIajtbGeDSxzBRdmp4NHaQ/pw==",
      "license": "MIT",
      "dependencies": {
        "reflect-metadata": "^0.2.2"
      },
      "engines": {
        "node": ">=22.0.0"
      },
      "peerDependencies": {
        "typescript": ">=5.0.0"
      }
    },
    "node_modules/@streetjs/context": {
      "version": "1.1.0",
      "resolved": "https://registry.npmjs.org/@streetjs/context/-/context-1.1.0.tgz",
      "integrity": "sha512-ddLi2+lK1lcMOUZ8WFHFTF697Rj8A51wuJV6XUXqWfBXvah3+iJ/c5DclLHizuyzMrL7uMtgFZsYkzkx/9JPiA==",
      "license": "MIT",
      "dependencies": {
        "@streetjs/multipart": "^1.0.0"
      },
      "engines": {
        "node": ">=22.0.0"
      },
      "peerDependencies": {
        "typescript": ">=5.0.0"
      }
    },
    "node_modules/@streetjs/diagnostics": {
      "version": "1.0.0",
      "resolved": "https://registry.npmjs.org/@streetjs/diagnostics/-/diagnostics-1.0.0.tgz",
      "integrity": "sha512-E0PWhibQDaHxMiZ3IdHF9Jn0Rd1GTAUIIHHc5V1l9iJk4KH7A+zbDCS1AvtLBbqQ8VTKnBGu4vAw1jQuBB98vw==",
      "license": "MIT",
      "engines": {
        "node": ">=22.0.0"
      },
      "peerDependencies": {
        "typescript": ">=5.0.0"
      }
    },
    "node_modules/@streetjs/exceptions": {
      "version": "1.0.0",
      "resolved": "https://registry.npmjs.org/@streetjs/exceptions/-/exceptions-1.0.0.tgz",
      "integrity": "sha512-Zew0vEnOSTd4GjD1s+56WjfPNjnDdtEBv7MiCTl4OnOU/MpxbuBNXa5U5yhu39tBWeZYa/JeIsSYzTbEUA5Wxw==",
      "license": "MIT",
      "engines": {
        "node": ">=22.0.0"
      },
      "peerDependencies": {
        "typescript": ">=5.0.0"
      }
    },
    "node_modules/@streetjs/migrations": {
      "version": "1.0.0",
      "resolved": "https://registry.npmjs.org/@streetjs/migrations/-/migrations-1.0.0.tgz",
      "integrity": "sha512-hIhWR5WWWcwx+0XcQNyefj5cfWRSNpEgngrdqSYOKdG6sFK2KvfwVtixj2xA/cZTqZyL3J/NSMAGGeKDnfphHw==",
      "license": "MIT",
      "dependencies": {
        "@streetjs/container": "^1.0.0",
        "@streetjs/pool": "^1.0.0",
        "@streetjs/schema-inspector": "^1.0.0",
        "reflect-metadata": "^0.2.2"
      },
      "engines": {
        "node": ">=22.0.0"
      },
      "peerDependencies": {
        "typescript": ">=5.0.0"
      }
    },
    "node_modules/@streetjs/multipart": {
      "version": "1.0.0",
      "resolved": "https://registry.npmjs.org/@streetjs/multipart/-/multipart-1.0.0.tgz",
      "integrity": "sha512-nY+dKXg9Rve/inm5VAfqGx1kzL2ZAqbobs8JTbiWzHJ6MyJPhMrAIuhzCL3uPk6FJZule4hN+lLkmDX1mhWcTQ==",
      "license": "MIT",
      "engines": {
        "node": ">=22.0.0"
      },
      "peerDependencies": {
        "typescript": ">=5.0.0"
      }
    },
    "node_modules/@streetjs/pool": {
      "version": "1.0.0",
      "resolved": "https://registry.npmjs.org/@streetjs/pool/-/pool-1.0.0.tgz",
      "integrity": "sha512-8H2RoRhGAmaFMg3txsA0K5pYyCUf4IRZaUqwL0Y8AJJIDwJZ+ikv8iLAVc5ZnPla5AB5qxCuPca8nHeYbAE9Vw==",
      "license": "MIT",
      "dependencies": {
        "@streetjs/container": "^1.0.0",
        "@streetjs/exceptions": "^1.0.0",
        "@streetjs/postgres": "^1.0.0"
      },
      "engines": {
        "node": ">=22.0.0"
      },
      "peerDependencies": {
        "typescript": ">=5.0.0"
      }
    },
    "node_modules/@streetjs/postgres": {
      "version": "1.0.0",
      "resolved": "https://registry.npmjs.org/@streetjs/postgres/-/postgres-1.0.0.tgz",
      "integrity": "sha512-Cu+GqVhk3Ag76wJDyB7jDpjBh/taR3eg0pAE3bXtVej4i1QXFufk8TaT4hA8Yo7HwA9lu+S49Zf8vb4Eerx5gw==",
      "license": "MIT",
      "engines": {
        "node": ">=22.0.0"
      },
      "peerDependencies": {
        "typescript": ">=5.0.0"
      }
    },
    "node_modules/@streetjs/ratelimit": {
      "version": "1.0.0",
      "resolved": "https://registry.npmjs.org/@streetjs/ratelimit/-/ratelimit-1.0.0.tgz",
      "integrity": "sha512-+cSYtG9xcGO5ZFadQ41W7KWigVlEM8EEegfjmizsTE+Yv5lBKJUz9atfcPajqtCzSxqUvuNKVAttmsbiVPlsdQ==",
      "license": "MIT",
      "dependencies": {
        "@streetjs/context": "^1.1.0",
        "@streetjs/exceptions": "^1.0.0",
        "@streetjs/store": "^1.0.0",
        "reflect-metadata": "^0.2.2"
      },
      "engines": {
        "node": ">=22.0.0"
      },
      "peerDependencies": {
        "typescript": ">=5.0.0"
      }
    },
    "node_modules/@streetjs/repository": {
      "version": "1.0.0",
      "resolved": "https://registry.npmjs.org/@streetjs/repository/-/repository-1.0.0.tgz",
      "integrity": "sha512-aWHOdYnuzDMMTQ+B3ZB4OsPWbk3+9/4Dd86669WGWC5o4vZJALUzPPXCvvu50Z+JjX+kAeI5J1byXoCxpipI7Q==",
      "license": "MIT",
      "dependencies": {
        "@streetjs/pool": "^1.0.0",
        "@streetjs/postgres": "^1.0.0"
      },
      "engines": {
        "node": ">=22.0.0"
      },
      "peerDependencies": {
        "typescript": ">=5.0.0"
      }
    },
    "node_modules/@streetjs/router": {
      "version": "1.0.0",
      "resolved": "https://registry.npmjs.org/@streetjs/router/-/router-1.0.0.tgz",
      "integrity": "sha512-1ee9MsRDRBZnEr13KTZfMyWSEn/HIctr/8jFTQ+hqm85g3O1w9OrtcKHYysmyhl7uMYshJHQ65GZG06MoDAvyQ==",
      "license": "MIT",
      "dependencies": {
        "@streetjs/context": "^1.1.0",
        "@streetjs/diagnostics": "^1.0.0",
        "@streetjs/exceptions": "^1.0.0",
        "@streetjs/ratelimit": "^1.0.0",
        "reflect-metadata": "^0.2.2"
      },
      "engines": {
        "node": ">=22.0.0"
      },
      "peerDependencies": {
        "typescript": ">=5.0.0"
      }
    },
    "node_modules/@streetjs/schema-inspector": {
      "version": "1.0.0",
      "resolved": "https://registry.npmjs.org/@streetjs/schema-inspector/-/schema-inspector-1.0.0.tgz",
      "integrity": "sha512-LRpb/ElS4SBuWhOzaoiUKWQ2+XMW5inTTGfy9wzoV42QJFKtfCMaNh+cb49Nm21fhFsHfrtkdvs9dxGrTYgWPw==",
      "license": "MIT",
      "dependencies": {
        "@streetjs/postgres": "^1.0.0"
      },
      "engines": {
        "node": ">=22.0.0"
      },
      "peerDependencies": {
        "typescript": ">=5.0.0"
      }
    },
    "node_modules/@streetjs/security": {
      "version": "1.1.0",
      "resolved": "https://registry.npmjs.org/@streetjs/security/-/security-1.1.0.tgz",
      "integrity": "sha512-t3MirxeSGA3XAJvvf0Fo0852lBd/27YYfcT50tNUb+MEDrXkt208IbNyDBg/RKrylR7vQwgv7UqH3vNyblZILg==",
      "license": "MIT",
      "engines": {
        "node": ">=22.0.0"
      },
      "peerDependencies": {
        "typescript": ">=5.0.0"
      }
    },
    "node_modules/@streetjs/session": {
      "version": "1.0.0",
      "resolved": "https://registry.npmjs.org/@streetjs/session/-/session-1.0.0.tgz",
      "integrity": "sha512-NY02nVIaaQh1+yhOHYqqfbbQyINz03vFzjbVwLc0UlyNLK6ngaz/8FgqpxFz611HXE8HD5kPPdiGjaXhZ32Fvw==",
      "license": "MIT",
      "engines": {
        "node": ">=22.0.0"
      },
      "peerDependencies": {
        "typescript": ">=5.0.0"
      }
    },
    "node_modules/@streetjs/store": {
      "version": "1.0.0",
      "resolved": "https://registry.npmjs.org/@streetjs/store/-/store-1.0.0.tgz",
      "integrity": "sha512-q5z8rr7tx6g6YVgfztmhfDoB+IqQiYWY6doNS9ICVXkBkzev4jmnrRbwKzSzqSeb7mlC6GH+j7QReYcOmyIM4g==",
      "license": "MIT",
      "engines": {
        "node": ">=22.0.0"
      },
      "peerDependencies": {
        "typescript": ">=5.0.0"
      }
    },
    "node_modules/@streetjs/telemetry": {
      "version": "1.0.0",
      "resolved": "https://registry.npmjs.org/@streetjs/telemetry/-/telemetry-1.0.0.tgz",
      "integrity": "sha512-NUk8lDClsrh+VNteEmpc9KMuLXTy3t8s1T/sauSC0Aj4bbnYCqn9uzlhsxq5hkDSniTOESXXnToM/2fEwsJG5g==",
      "license": "MIT",
      "engines": {
        "node": ">=22.0.0"
      },
      "peerDependencies": {
        "typescript": ">=5.0.0"
      }
    },
    "node_modules/@streetjs/webhook-dispatcher": {
      "version": "1.0.0",
      "resolved": "https://registry.npmjs.org/@streetjs/webhook-dispatcher/-/webhook-dispatcher-1.0.0.tgz",
      "integrity": "sha512-TdvfkhxLnnH2R/CQY21OsU/qwFdMltYzihKdBtMjgqiAdry5IzN6XKJJyaQ1aEwfsxOJPSGZIWQl4taYgvqFUA==",
      "license": "MIT",
      "engines": {
        "node": ">=22.0.0"
      },
      "peerDependencies": {
        "typescript": ">=5.0.0"
      }
    },
    "node_modules/@streetjs/websocket": {
      "version": "1.0.0",
      "resolved": "https://registry.npmjs.org/@streetjs/websocket/-/websocket-1.0.0.tgz",
      "integrity": "sha512-GuL7WcA0V33H75eTs4ST+AuZXG3XyB+6FIRnwn3Y9cg7Hy/eLF7ckNm0QwnTraY8XSetXwKZ2AvLKdMDdSKtQA==",
      "license": "MIT",
      "dependencies": {
        "ws": "^8.18.0"
      },
      "engines": {
        "node": ">=22.0.0"
      },
      "peerDependencies": {
        "typescript": ">=5.0.0"
      }
    },
    "node_modules/@streetjs/xss": {
      "version": "1.0.0",
      "resolved": "https://registry.npmjs.org/@streetjs/xss/-/xss-1.0.0.tgz",
      "integrity": "sha512-eAT4U+jj8vKLMVKn9ttnaFws+W8L2ih14W2Wq9h4L+8LsZHjDNTUKf5DaRAtb78uPHqpd3DbA1GYMW7XNieEPA==",
      "license": "MIT",
      "engines": {
        "node": ">=22.0.0"
      },
      "peerDependencies": {
        "typescript": ">=5.0.0"
      }
    },
    "node_modules/@types/node": {
      "version": "20.19.43",
      "resolved": "https://registry.npmjs.org/@types/node/-/node-20.19.43.tgz",
      "integrity": "sha512-6oYBAi5ikg4Pl+kGsoYtawUMBT2zZMCvPNF7pVLnHZfd1zf38DRiWn/gT01RYCdUqkv7Fhr+C9ot4/tb+2sVvA==",
      "dev": true,
      "license": "MIT",
      "dependencies": {
        "undici-types": "~6.21.0"
      }
    },
    "node_modules/@types/ws": {
      "version": "8.18.1",
      "resolved": "https://registry.npmjs.org/@types/ws/-/ws-8.18.1.tgz",
      "integrity": "sha512-ThVF6DCVhA8kUGy+aazFQ4kXQ7E1Ty7A3ypFOe0IcJV8O/M511G99AW24irKrW56Wt44yG9+ij8FaqoBGkuBXg==",
      "dev": true,
      "license": "MIT",
      "dependencies": {
        "@types/node": "*"
      }
    },
    "node_modules/reflect-metadata": {
      "version": "0.2.2",
      "resolved": "https://registry.npmjs.org/reflect-metadata/-/reflect-metadata-0.2.2.tgz",
      "integrity": "sha512-urBwgfrvVP/eAyXx4hluJivBKzuEbSQs9rKWCrCkbSxNv8mxPcUZKeuoF3Uy4mJl3Lwprp6yy5/39VWigZ4K6Q==",
      "license": "Apache-2.0"
    },
    "node_modules/streetjs": {
      "version": "1.2.8",
      "resolved": "https://registry.npmjs.org/streetjs/-/streetjs-1.2.8.tgz",
      "integrity": "sha512-W1Pg0oxdNeZ7A+IxplWh47/1erzctROCxk0dY2NE6ArefEjqdANOgsNyif8ZqnWBS/8loy13FMmiAsFrfYwpgQ==",
      "license": "MIT",
      "dependencies": {
        "@streetjs/cache": "^1.0.0",
        "@streetjs/cluster": "^1.0.0",
        "@streetjs/container": "^1.0.0",
        "@streetjs/context": "^1.1.0",
        "@streetjs/diagnostics": "^1.0.0",
        "@streetjs/exceptions": "^1.0.0",
        "@streetjs/migrations": "^1.0.0",
        "@streetjs/multipart": "^1.0.0",
        "@streetjs/pool": "^1.0.0",
        "@streetjs/postgres": "^1.0.0",
        "@streetjs/ratelimit": "^1.0.0",
        "@streetjs/repository": "^1.0.0",
        "@streetjs/router": "^1.0.0",
        "@streetjs/schema-inspector": "^1.0.0",
        "@streetjs/security": "^1.0.0",
        "@streetjs/session": "^1.0.0",
        "@streetjs/store": "^1.0.0",
        "@streetjs/telemetry": "^1.0.0",
        "@streetjs/webhook-dispatcher": "^1.0.0",
        "@streetjs/websocket": "^1.0.0",
        "@streetjs/xss": "^1.0.0",
        "reflect-metadata": "^0.2.2",
        "ws": "^8.18.0",
        "zod": "^4.4.3"
      },
      "engines": {
        "node": ">=22.0.0",
        "npm": ">=10.0.0"
      },
      "peerDependencies": {
        "typescript": ">=5.0.0"
      }
    },
    "node_modules/typescript": {
      "version": "5.9.3",
      "resolved": "https://registry.npmjs.org/typescript/-/typescript-5.9.3.tgz",
      "integrity": "sha512-jl1vZzPDinLr9eUt3J/t7V6FgNEw9QjvBPdysz9KfQDD41fQrC2Y4vKQdiaUpFT4bXlb1RHhLpp8wtm6M5TgSw==",
      "license": "Apache-2.0",
      "bin": {
        "tsc": "bin/tsc",
        "tsserver": "bin/tsserver"
      },
      "engines": {
        "node": ">=14.17"
      }
    },
    "node_modules/undici-types": {
      "version": "6.21.0",
      "resolved": "https://registry.npmjs.org/undici-types/-/undici-types-6.21.0.tgz",
      "integrity": "sha512-iwDZqg0QAGrg9Rav5H4n0M64c3mkR59cJ6wQp+7C4nI0gsmExaedaYLNO44eT4AtBBwjbTiGPMlt2Md0T9H9JQ==",
      "dev": true,
      "license": "MIT"
    },
    "node_modules/ws": {
      "version": "8.21.3",
      "resolved": "https://registry.npmjs.org/ws/-/ws-8.21.3.tgz",
      "integrity": "sha512-201TZ/kPWxoPr/OKWjquZR1SWKXcvxdH+e1xrx89b3YbmzLMFCLfnaG1HFIgWzJOEWZ7MvpK++odZufgYR50Rw==",
      "license": "MIT",
      "engines": {
        "node": ">=10.0.0"
      },
      "peerDependencies": {
        "bufferutil": "^4.0.1",
        "utf-8-validate": ">=5.0.2"
      },
      "peerDependenciesMeta": {
        "bufferutil": {
          "optional": true
        },
        "utf-8-validate": {
          "optional": true
        }
      }
    },
    "node_modules/zod": {
      "version": "4.4.3",
      "resolved": "https://registry.npmjs.org/zod/-/zod-4.4.3.tgz",
      "integrity": "sha512-ytENFjIJFl2UwYglde2jchW2Hwm4GJFLDiSXWdTrJQBIN9Fcyp7n4DhxJEiWNAJMV1/BqWfW/kkg71UDcHJyTQ==",
      "license": "MIT",
      "funding": {
        "url": "https://github.com/sponsors/colinhacks"
      }
    }
  }
}
